
Microsoft Visual Studio Solution File, Format Version 12.00
# Visual Studio 15
VisualStudioVersion = 15.0.28307.960
MinimumVisualStudioVersion = 10.0.40219.1
Project("{FAE04EC0-301F-11D3-BF4B-00C04F79EFBC}") = "ExamenParcial", "ExamenParcial\ExamenParcial.csproj", "{485DC5CE-3615-4A92-AB2E-DA72403482AB}"
EndProject
Global
	GlobalSection(SolutionConfigurationPlatforms) = preSolution
		Debug|Any CPU = Debug|Any CPU
		Release|Any CPU = Release|Any CPU
	EndGlobalSection
	GlobalSection(ProjectConfigurationPlatforms) = postSolution
		{485DC5CE-3615-4A92-AB2E-DA72403482AB}.Debug|Any CPU.ActiveCfg = Debug|Any CPU
		{485DC5CE-3615-4A92-AB2E-DA72403482AB}.Debug|Any CPU.Build.0 = Debug|Any CPU
		{485DC5CE-3615-4A92-AB2E-DA72403482AB}.Release|Any CPU.ActiveCfg = Release|Any CPU
		{485DC5CE-3615-4A92-AB2E-DA72403482AB}.Release|Any CPU.Build.0 = Release|Any CPU
	EndGlobalSection
	GlobalSection(SolutionProperties) = preSolution
		HideSolutionNode = FALSE
	EndGlobalSection
	GlobalSection(ExtensibilityGlobals) = postSolution
		SolutionGuid = {C511C31F-FC77-4CE1-8586-81BA0A0E9BFE}
	EndGlobalSection
EndGlobal
